
Microsoft Visual Studio Solution File, Format Version 12.00
# Visual Studio Version 16
VisualStudioVersion = 16.0.29209.152
MinimumVisualStudioVersion = 10.0.40219.1
Project("{FAE04EC0-301F-11D3-BF4B-00C04F79EFBC}") = "angular", "angular\angular.csproj", "{F766F0F8-4480-4493-BD17-F8355360AFAF}"
EndProject
Global
	GlobalSection(SolutionConfigurationPlatforms) = preSolution
		Debug|Any CPU = Debug|Any CPU
		Release|Any CPU = Release|Any CPU
	EndGlobalSection
	GlobalSection(ProjectConfigurationPlatforms) = postSolution
		{F766F0F8-4480-4493-BD17-F8355360AFAF}.Debug|Any CPU.ActiveCfg = Debug|Any CPU
		{F766F0F8-4480-4493-BD17-F8355360AFAF}.Debug|Any CPU.Build.0 = Debug|Any CPU
		{F766F0F8-4480-4493-BD17-F8355360AFAF}.Release|Any CPU.ActiveCfg = Release|Any CPU
		{F766F0F8-4480-4493-BD17-F8355360AFAF}.Release|Any CPU.Build.0 = Release|Any CPU
	EndGlobalSection
	GlobalSection(SolutionProperties) = preSolution
		HideSolutionNode = FALSE
	EndGlobalSection
	GlobalSection(ExtensibilityGlobals) = postSolution
		SolutionGuid = {69DE70FA-2FC2-4B6B-9B36-06FC7A2E942F}
	EndGlobalSection
EndGlobal
